
Microsoft Visual Studio Solution File, Format Version 12.00
# Visual Studio Version 17
VisualStudioVersion = 17.3.32901.215
MinimumVisualStudioVersion = 10.0.40219.1
Project("{9A19103F-16F7-4668-BE54-9A1E7A4F7556}") = "TPAPI.Presentation", "TPAPI\TPAPI.Presentation.csproj", "{04DDC15D-5380-4DED-A7A3-46BBF9715C97}"
	ProjectSection(ProjectDependencies) = postProject
		{908BC313-0A10-4370-BA0C-4AA4A1D955D4} = {908BC313-0A10-4370-BA0C-4AA4A1D955D4}
	EndProjectSection
EndProject
Project("{9A19103F-16F7-4668-BE54-9A1E7A4F7556}") = "TPAPI.Domain", "TPAPI.Database\TPAPI.Domain.csproj", "{908BC313-0A10-4370-BA0C-4AA4A1D955D4}"
EndProject
Project("{FAE04EC0-301F-11D3-BF4B-00C04F79EFBC}") = "TPAPI.Application", "TPAPI.Application\TPAPI.Application.csproj", "{9A7235E7-12F1-4E58-B6DB-1E61F1C3632C}"
EndProject
Project("{FAE04EC0-301F-11D3-BF4B-00C04F79EFBC}") = "TPAPI.Infrastructure", "TPAPI.Infrastructure\TPAPI.Infrastructure.csproj", "{DFB7303F-CC80-4701-8D95-8DECFD9C4DF7}"
	ProjectSection(ProjectDependencies) = postProject
		{908BC313-0A10-4370-BA0C-4AA4A1D955D4} = {908BC313-0A10-4370-BA0C-4AA4A1D955D4}
	EndProjectSection
EndProject
Global
	GlobalSection(SolutionConfigurationPlatforms) = preSolution
		Debug|Any CPU = Debug|Any CPU
		Release|Any CPU = Release|Any CPU
	EndGlobalSection
	GlobalSection(ProjectConfigurationPlatforms) = postSolution
		{04DDC15D-5380-4DED-A7A3-46BBF9715C97}.Debug|Any CPU.ActiveCfg = Debug|Any CPU
		{04DDC15D-5380-4DED-A7A3-46BBF9715C97}.Debug|Any CPU.Build.0 = Debug|Any CPU
		{04DDC15D-5380-4DED-A7A3-46BBF9715C97}.Release|Any CPU.ActiveCfg = Release|Any CPU
		{04DDC15D-5380-4DED-A7A3-46BBF9715C97}.Release|Any CPU.Build.0 = Release|Any CPU
		{908BC313-0A10-4370-BA0C-4AA4A1D955D4}.Debug|Any CPU.ActiveCfg = Debug|Any CPU
		{908BC313-0A10-4370-BA0C-4AA4A1D955D4}.Debug|Any CPU.Build.0 = Debug|Any CPU
		{908BC313-0A10-4370-BA0C-4AA4A1D955D4}.Release|Any CPU.ActiveCfg = Release|Any CPU
		{908BC313-0A10-4370-BA0C-4AA4A1D955D4}.Release|Any CPU.Build.0 = Release|Any CPU
		{9A7235E7-12F1-4E58-B6DB-1E61F1C3632C}.Debug|Any CPU.ActiveCfg = Debug|Any CPU
		{9A7235E7-12F1-4E58-B6DB-1E61F1C3632C}.Debug|Any CPU.Build.0 = Debug|Any CPU
		{9A7235E7-12F1-4E58-B6DB-1E61F1C3632C}.Release|Any CPU.ActiveCfg = Release|Any CPU
		{9A7235E7-12F1-4E58-B6DB-1E61F1C3632C}.Release|Any CPU.Build.0 = Release|Any CPU
		{DFB7303F-CC80-4701-8D95-8DECFD9C4DF7}.Debug|Any CPU.ActiveCfg = Debug|Any CPU
		{DFB7303F-CC80-4701-8D95-8DECFD9C4DF7}.Debug|Any CPU.Build.0 = Debug|Any CPU
		{DFB7303F-CC80-4701-8D95-8DECFD9C4DF7}.Release|Any CPU.ActiveCfg = Release|Any CPU
		{DFB7303F-CC80-4701-8D95-8DECFD9C4DF7}.Release|Any CPU.Build.0 = Release|Any CPU
	EndGlobalSection
	GlobalSection(SolutionProperties) = preSolution
		HideSolutionNode = FALSE
	EndGlobalSection
	GlobalSection(ExtensibilityGlobals) = postSolution
		SolutionGuid = {11FE9FC5-4212-472B-92A6-F359612FF083}
	EndGlobalSection
EndGlobal
